
Microsoft Visual Studio Solution File, Format Version 12.00
# Visual Studio Version 16
VisualStudioVersion = 16.0.29519.87
MinimumVisualStudioVersion = 10.0.40219.1
Project("{FAE04EC0-301F-11D3-BF4B-00C04F79EFBC}") = "Py_Connector", "Py_Connector\Py_Connector.csproj", "{9351C3B8-97E1-49EC-A103-AC006B3FB2CF}"
EndProject
Global
	GlobalSection(SolutionConfigurationPlatforms) = preSolution
		Debug|Any CPU = Debug|Any CPU
		Release|Any CPU = Release|Any CPU
	EndGlobalSection
	GlobalSection(ProjectConfigurationPlatforms) = postSolution
		{9351C3B8-97E1-49EC-A103-AC006B3FB2CF}.Debug|Any CPU.ActiveCfg = Debug|Any CPU
		{9351C3B8-97E1-49EC-A103-AC006B3FB2CF}.Debug|Any CPU.Build.0 = Debug|Any CPU
		{9351C3B8-97E1-49EC-A103-AC006B3FB2CF}.Release|Any CPU.ActiveCfg = Release|Any CPU
		{9351C3B8-97E1-49EC-A103-AC006B3FB2CF}.Release|Any CPU.Build.0 = Release|Any CPU
	EndGlobalSection
	GlobalSection(SolutionProperties) = preSolution
		HideSolutionNode = FALSE
	EndGlobalSection
	GlobalSection(ExtensibilityGlobals) = postSolution
		SolutionGuid = {8CD2E6A0-8DC6-4E60-8527-1564B4E418F7}
	EndGlobalSection
EndGlobal
